{
  "version": 4,
  "terraform_version": "1.3.4",
  "serial": 28,
  "lineage": "c9213350-4ad1-4afa-a1d7-0f2308316cb7",
  "outputs": {},
  "resources": [
    {
      "mode": "data",
      "type": "google_compute_default_service_account",
      "name": "default",
      "provider": "provider[\"registry.terraform.io/hashicorp/google\"]",
      "instances": [
        {
          "schema_version": 0,
          "attributes": {
            "display_name": "Compute Engine default service account",
            "email": "346726030341-compute@developer.gserviceaccount.com",
            "id": "projects/midyear-spot-368821/serviceAccounts/346726030341-compute@developer.gserviceaccount.com",
            "name": "projects/midyear-spot-368821/serviceAccounts/346726030341-compute@developer.gserviceaccount.com",
            "project": "midyear-spot-368821",
            "unique_id": "115070017286695029852"
          },
          "sensitive_attributes": []
        }
      ]
    },
    {
      "mode": "data",
      "type": "template_file",
      "name": "startup_script",
      "provider": "provider[\"registry.terraform.io/hashicorp/template\"]",
      "instances": [
        {
          "schema_version": 0,
          "attributes": {
            "filename": null,
            "id": "acd4ddf58a75cac8c50d573f037e454f2ae64fa5599bafdcddca08f1a8e42bd1",
            "rendered": "  echo \"export USE_GKE_GCLOUD_AUTH_PLUGIN=True\" \u003e\u003e /etc/profile\n  sudo yum install -y google-cloud-sdk-gke-gcloud-auth-plugin\n  sudo yum install -y kubectl\n  sudo yum install -y bash-completion\n  source \u003c(kubectl completion bash)\n  echo \"gcloud container clusters get-credentials gogle-cluster --zone asia-northeast3 --project midyear-spot-368821 \u003e /dev/null 2\u003e\u00261\" \u003e\u003e /etc/profile\n  echo \"source \u003c(kubectl completion bash)\" \u003e\u003e /etc/bashrc\n  sudo yum remove docker \\\n                  docker-client \\\n                  docker-client-latest \\\n                  docker-common \\\n                  docker-latest \\\n                  docker-latest-logrotate \\\n                  docker-logrotate \\\n                  docker-engine\n  sudo yum install -y yum-utils\n  sudo yum-config-manager \\\n      --add-repo \\\n       https://download.docker.com/linux/centos/docker-ce.repo\n  sudo yum -y install docker-ce docker-ce-cli containerd.io docker-compose-plugin\n  systemctl enable --now docker\n  sudo usermod -a -G docker chlxodnr2127\n  sudo yum install -y git\n",
            "template": "  echo \"export USE_GKE_GCLOUD_AUTH_PLUGIN=True\" \u003e\u003e /etc/profile\n  sudo yum install -y google-cloud-sdk-gke-gcloud-auth-plugin\n  sudo yum install -y kubectl\n  sudo yum install -y bash-completion\n  source \u003c(kubectl completion bash)\n  echo \"gcloud container clusters get-credentials ${cluster_name} --zone ${cluster_zone} --project ${project} \u003e /dev/null 2\u003e\u00261\" \u003e\u003e /etc/profile\n  echo \"source \u003c(kubectl completion bash)\" \u003e\u003e /etc/bashrc\n  sudo yum remove docker \\\n                  docker-client \\\n                  docker-client-latest \\\n                  docker-common \\\n                  docker-latest \\\n                  docker-latest-logrotate \\\n                  docker-logrotate \\\n                  docker-engine\n  sudo yum install -y yum-utils\n  sudo yum-config-manager \\\n      --add-repo \\\n       https://download.docker.com/linux/centos/docker-ce.repo\n  sudo yum -y install docker-ce docker-ce-cli containerd.io docker-compose-plugin\n  systemctl enable --now docker\n  sudo usermod -a -G docker chlxodnr2127\n  sudo yum install -y git\n",
            "vars": {
              "cluster_name": "gogle-cluster",
              "cluster_zone": "asia-northeast3",
              "project": "midyear-spot-368821"
            }
          },
          "sensitive_attributes": []
        }
      ]
    },
    {
      "mode": "data",
      "type": "terraform_remote_state",
      "name": "workspace",
      "provider": "provider[\"terraform.io/builtin/terraform\"]",
      "instances": [
        {
          "schema_version": 0,
          "attributes": {
            "backend": "gcs",
            "config": {
              "value": {
                "bucket": "tw-bucket-tfstate",
                "prefix": "terraform/state"
              },
              "type": [
                "object",
                {
                  "bucket": "string",
                  "prefix": "string"
                }
              ]
            },
            "defaults": null,
            "outputs": {
              "value": {
                "gogle_cluster": {
                  "addons_config": [
                    {
                      "cloudrun_config": [],
                      "config_connector_config": [],
                      "dns_cache_config": [],
                      "gce_persistent_disk_csi_driver_config": [
                        {
                          "enabled": true
                        }
                      ],
                      "gcp_filestore_csi_driver_config": [],
                      "gke_backup_agent_config": [],
                      "horizontal_pod_autoscaling": [],
                      "http_load_balancing": [],
                      "istio_config": [],
                      "kalm_config": [],
                      "network_policy_config": [
                        {
                          "disabled": true
                        }
                      ]
                    }
                  ],
                  "authenticator_groups_config": [],
                  "binary_authorization": [
                    {
                      "enabled": false,
                      "evaluation_mode": ""
                    }
                  ],
                  "cluster_autoscaling": [
                    {
                      "auto_provisioning_defaults": [],
                      "autoscaling_profile": "BALANCED",
                      "enabled": false,
                      "resource_limits": []
                    }
                  ],
                  "cluster_ipv4_cidr": "10.8.0.0/14",
                  "cluster_telemetry": [
                    {
                      "type": "ENABLED"
                    }
                  ],
                  "confidential_nodes": [],
                  "cost_management_config": [],
                  "database_encryption": [
                    {
                      "key_name": "",
                      "state": "DECRYPTED"
                    }
                  ],
                  "datapath_provider": "",
                  "default_max_pods_per_node": 110,
                  "default_snat_status": [
                    {
                      "disabled": false
                    }
                  ],
                  "description": "",
                  "dns_config": [],
                  "enable_autopilot": false,
                  "enable_binary_authorization": false,
                  "enable_intranode_visibility": false,
                  "enable_kubernetes_alpha": false,
                  "enable_l4_ilb_subsetting": false,
                  "enable_legacy_abac": false,
                  "enable_shielded_nodes": true,
                  "enable_tpu": false,
                  "endpoint": "34.64.102.15",
                  "id": "projects/midyear-spot-368821/locations/asia-northeast3/clusters/gogle-cluster",
                  "identity_service_config": [],
                  "initial_node_count": 1,
                  "ip_allocation_policy": [
                    {
                      "cluster_ipv4_cidr_block": "10.8.0.0/14",
                      "cluster_secondary_range_name": "gke-gogle-cluster-pods-fbc5d262",
                      "services_ipv4_cidr_block": "10.12.0.0/20",
                      "services_secondary_range_name": "gke-gogle-cluster-services-fbc5d262"
                    }
                  ],
                  "label_fingerprint": "a9dc16a7",
                  "location": "asia-northeast3",
                  "logging_config": [
                    {
                      "enable_components": [
                        "SYSTEM_COMPONENTS",
                        "WORKLOADS"
                      ]
                    }
                  ],
                  "logging_service": "logging.googleapis.com/kubernetes",
                  "maintenance_policy": [],
                  "master_auth": [
                    {
                      "client_certificate": "",
                      "client_certificate_config": [
                        {
                          "issue_client_certificate": false
                        }
                      ],
                      "client_key": "",
                      "cluster_ca_certificate": "LS0tLS1CRUdJTiBDRVJUSUZJQ0FURS0tLS0tCk1JSUVMVENDQXBXZ0F3SUJBZ0lSQU8rQzZ3SlhKazJ5aDRjTExoZ0haSVF3RFFZSktvWklodmNOQVFFTEJRQXcKTHpFdE1Dc0dBMVVFQXhNa05qYzROalF3TldNdFlUY3dNaTAwWldGbExXRTJZemt0WlRFM056QXpPVFU0T1RFMgpNQ0FYRFRJeU1URXlOVEE0TURRek1sb1lEekl3TlRJeE1URTNNRGt3TkRNeVdqQXZNUzB3S3dZRFZRUURFeVEyCk56ZzJOREExWXkxaE56QXlMVFJsWVdVdFlUWmpPUzFsTVRjM01ETTVOVGc1TVRZd2dnR2lNQTBHQ1NxR1NJYjMKRFFFQkFRVUFBNElCandBd2dnR0tBb0lCZ1FDeGwvWlJCMDQ2RHIzVFQ5djJJTmVnNGIvNWFuU3JyYnlZbXpYbQpYbG92eXY4YUg0YkNoTW1IdHN0dm51OEZ0bEFVYVBzTE5ZMU9mWW5aN2gzL2FUQVFic2NJWWt5d0hvNFBDWDh6CkxiVFRwdSthVnBFWkdMOFFhOUFiZmRmWFpvV3hhVE9oRkNHU0NjdC9SaUhDZjFHMldEVlpLWnhSeFk3TExUOVQKK3hsUjhIWW5lVVR0eUlTOHUzeGM3cFZxTURxbWZMeGJ1S1dkZzdYdStPMjN0TXdrZlhBdC9zUzMwY1RmejhsdgpUR21ERzgrSnM0MFQ3VSsvS3RFb1ZSVnJZSU9SbTZtU0JuUmhpbUxzUHNOWllKdUVqRzlYTTE5KzEzV3Nob1pNClJoMzF5dTRRNFZhUXFoK0ZSMnFGeUxvT0tMR0tmeEZxWlBjd3F1TXpETlcwRE96bmR6Vi9QVSsyM2FBT0RnKzEKWTlqQ2RuTXdHVWZzbm96NWNtYVErOHl1SXFuVGszMlpxUG9MSk84Nnd6RmEvcjlFMTNUZW5scEdaenpiZHVpYwpYR2FscWQvK0dyeVZlNEZQR2RuVGN6MEhqOTNDS2VzSEo0NENUM3YwYkNwdUlDOVBFL0taczRGYnVJdjllQU5xCjF4MWZRbktTcFkrYkwxM0ZZRVpJajlsdVZvTUNBd0VBQWFOQ01FQXdEZ1lEVlIwUEFRSC9CQVFEQWdJRU1BOEcKQTFVZEV3RUIvd1FGTUFNQkFmOHdIUVlEVlIwT0JCWUVGREtUS0ovdFJlOFFEMXcrM2NEZHBkekNuSzBTTUEwRwpDU3FHU0liM0RRRUJDd1VBQTRJQmdRQ1M4T2tHNjlpdTY5TGdqbWxPdkdYT3lUQWU5M0ZLZDk3WUpjZE9aanllCnZtWDBuZDkyQ1FtQ3FqZW5vOXg3aVpSaU1RQ2hQc3ZOS3ZSOWdXZGQ3emxrRG9qbmxFRC9TS09DcUlIbHJ1a2oKYjNIU3oxL2hySEV0RmFjOUxGUjRtOWN0SU9kc2h5RG95UVZlMVQvYXpRSE1CS1lSRDU0Z1dDZ29jMC9qNXpWSwpta0Yyc3B3Uk10cldOL3hpUUtpdndaYUpic1U0dzJwTzJwOEZpMnBGaG1WSlVGbzVjWnJyMEdzOG45b2d4ZEtSCmhUeStnU0cvRkZXakM0QmI2LzhIK2VJSktmN1NmUDBEdk5xUHp4bjdhSnA5Y0xZQzVycWY3Mm1lZGU0TTN6bVgKZzlsWFowcDRIZGN0MEhEeHo3MXZhenkwdk5uckdBbWVGakZuczZRc0Y2T0JFM1E3YVM4NEp4Z3diRmpzREFyTgpPMzNxV2YwSDRxOVNIVk50akdzaGN4SktpWk5rS3YrdjJkU1dWemJxR1E5RzdPZituU3ZJaWdyNm5SMWdMcXEwCit3bW51bXZHWmNzc0RoVWtWV0F5MFdCc1JyNGF2aTZ2ZVpNQlB1WFN6SlJHQ1JUY0RCZVZZOWJndjAyYjJkZGgKM00xTnYxUVg1ejVjSHJUTXVJU1NMVnc9Ci0tLS0tRU5EIENFUlRJRklDQVRFLS0tLS0K"
                    }
                  ],
                  "master_authorized_networks_config": [],
                  "master_version": "1.23.12-gke.100",
                  "mesh_certificates": [],
                  "min_master_version": null,
                  "monitoring_config": [
                    {
                      "enable_components": [
                        "SYSTEM_COMPONENTS"
                      ],
                      "managed_prometheus": []
                    }
                  ],
                  "monitoring_service": "monitoring.googleapis.com/kubernetes",
                  "name": "gogle-cluster",
                  "network": "projects/midyear-spot-368821/global/networks/gogle-vpc",
                  "network_policy": [
                    {
                      "enabled": false,
                      "provider": "PROVIDER_UNSPECIFIED"
                    }
                  ],
                  "networking_mode": "VPC_NATIVE",
                  "node_config": [
                    {
                      "boot_disk_kms_key": "",
                      "disk_size_gb": 100,
                      "disk_type": "pd-standard",
                      "ephemeral_storage_config": [],
                      "gcfs_config": [],
                      "guest_accelerator": [],
                      "gvnic": [],
                      "image_type": "COS_CONTAINERD",
                      "kubelet_config": [],
                      "labels": {
                        "node": "cicd"
                      },
                      "linux_node_config": [],
                      "local_ssd_count": 0,
                      "machine_type": "e2-medium",
                      "metadata": {
                        "disable-legacy-endpoints": "true"
                      },
                      "min_cpu_platform": "",
                      "node_group": "",
                      "oauth_scopes": [
                        "https://www.googleapis.com/auth/cloud-platform"
                      ],
                      "preemptible": false,
                      "reservation_affinity": [],
                      "sandbox_config": [],
                      "service_account": "default",
                      "shielded_instance_config": [
                        {
                          "enable_integrity_monitoring": true,
                          "enable_secure_boot": false
                        }
                      ],
                      "spot": false,
                      "tags": [],
                      "taint": [],
                      "workload_metadata_config": []
                    }
                  ],
                  "node_locations": [
                    "asia-northeast3-a",
                    "asia-northeast3-b",
                    "asia-northeast3-c"
                  ],
                  "node_pool": [
                    {
                      "autoscaling": [
                        {
                          "location_policy": "",
                          "max_node_count": 8,
                          "min_node_count": 2,
                          "total_max_node_count": 0,
                          "total_min_node_count": 0
                        }
                      ],
                      "initial_node_count": 1,
                      "instance_group_urls": [
                        "https://www.googleapis.com/compute/v1/projects/midyear-spot-368821/zones/asia-northeast3-a/instanceGroupManagers/gke-gogle-cluster-cicd-pool-48033dec-grp"
                      ],
                      "managed_instance_group_urls": [
                        "https://www.googleapis.com/compute/beta/projects/midyear-spot-368821/zones/asia-northeast3-a/instanceGroups/gke-gogle-cluster-cicd-pool-48033dec-grp"
                      ],
                      "management": [
                        {
                          "auto_repair": true,
                          "auto_upgrade": true
                        }
                      ],
                      "max_pods_per_node": 110,
                      "name": "cicd-pool",
                      "name_prefix": "",
                      "network_config": [
                        {
                          "create_pod_range": false,
                          "pod_ipv4_cidr_block": "10.42.0.0/16",
                          "pod_range": "cicd-pod-range"
                        }
                      ],
                      "node_config": [
                        {
                          "boot_disk_kms_key": "",
                          "disk_size_gb": 100,
                          "disk_type": "pd-standard",
                          "ephemeral_storage_config": [],
                          "gcfs_config": [],
                          "guest_accelerator": [],
                          "gvnic": [],
                          "image_type": "COS_CONTAINERD",
                          "kubelet_config": [],
                          "labels": {
                            "node": "cicd"
                          },
                          "linux_node_config": [],
                          "local_ssd_count": 0,
                          "machine_type": "e2-medium",
                          "metadata": {
                            "disable-legacy-endpoints": "true"
                          },
                          "min_cpu_platform": "",
                          "node_group": "",
                          "oauth_scopes": [
                            "https://www.googleapis.com/auth/cloud-platform"
                          ],
                          "preemptible": false,
                          "reservation_affinity": [],
                          "sandbox_config": [],
                          "service_account": "default",
                          "shielded_instance_config": [
                            {
                              "enable_integrity_monitoring": true,
                              "enable_secure_boot": false
                            }
                          ],
                          "spot": false,
                          "tags": [],
                          "taint": [],
                          "workload_metadata_config": []
                        }
                      ],
                      "node_count": 1,
                      "node_locations": [
                        "asia-northeast3-a"
                      ],
                      "placement_policy": [],
                      "upgrade_settings": [
                        {
                          "max_surge": 1,
                          "max_unavailable": 0
                        }
                      ],
                      "version": "1.23.12-gke.100"
                    },
                    {
                      "autoscaling": [
                        {
                          "location_policy": "",
                          "max_node_count": 8,
                          "min_node_count": 2,
                          "total_max_node_count": 0,
                          "total_min_node_count": 0
                        }
                      ],
                      "initial_node_count": 1,
                      "instance_group_urls": [
                        "https://www.googleapis.com/compute/v1/projects/midyear-spot-368821/zones/asia-northeast3-b/instanceGroupManagers/gke-gogle-cluster-service-pool-c5ee55c9-grp",
                        "https://www.googleapis.com/compute/v1/projects/midyear-spot-368821/zones/asia-northeast3-c/instanceGroupManagers/gke-gogle-cluster-service-pool-74cc4990-grp"
                      ],
                      "managed_instance_group_urls": [
                        "https://www.googleapis.com/compute/beta/projects/midyear-spot-368821/zones/asia-northeast3-b/instanceGroups/gke-gogle-cluster-service-pool-c5ee55c9-grp",
                        "https://www.googleapis.com/compute/beta/projects/midyear-spot-368821/zones/asia-northeast3-c/instanceGroups/gke-gogle-cluster-service-pool-74cc4990-grp"
                      ],
                      "management": [
                        {
                          "auto_repair": true,
                          "auto_upgrade": true
                        }
                      ],
                      "max_pods_per_node": 110,
                      "name": "service-pool",
                      "name_prefix": "",
                      "network_config": [
                        {
                          "create_pod_range": false,
                          "pod_ipv4_cidr_block": "10.32.0.0/16",
                          "pod_range": "service-pod-range"
                        }
                      ],
                      "node_config": [
                        {
                          "boot_disk_kms_key": "",
                          "disk_size_gb": 100,
                          "disk_type": "pd-standard",
                          "ephemeral_storage_config": [],
                          "gcfs_config": [],
                          "guest_accelerator": [],
                          "gvnic": [],
                          "image_type": "COS_CONTAINERD",
                          "kubelet_config": [],
                          "labels": {
                            "node": "service"
                          },
                          "linux_node_config": [],
                          "local_ssd_count": 0,
                          "machine_type": "e2-medium",
                          "metadata": {
                            "disable-legacy-endpoints": "true"
                          },
                          "min_cpu_platform": "",
                          "node_group": "",
                          "oauth_scopes": [
                            "https://www.googleapis.com/auth/cloud-platform"
                          ],
                          "preemptible": false,
                          "reservation_affinity": [],
                          "sandbox_config": [],
                          "service_account": "default",
                          "shielded_instance_config": [
                            {
                              "enable_integrity_monitoring": true,
                              "enable_secure_boot": false
                            }
                          ],
                          "spot": false,
                          "tags": [],
                          "taint": [],
                          "workload_metadata_config": []
                        }
                      ],
                      "node_count": 1,
                      "node_locations": [
                        "asia-northeast3-b",
                        "asia-northeast3-c"
                      ],
                      "placement_policy": [],
                      "upgrade_settings": [
                        {
                          "max_surge": 1,
                          "max_unavailable": 0
                        }
                      ],
                      "version": "1.23.12-gke.100"
                    }
                  ],
                  "node_pool_auto_config": [
                    {
                      "network_tags": []
                    }
                  ],
                  "node_pool_defaults": [
                    {
                      "node_config_defaults": []
                    }
                  ],
                  "node_version": "1.23.12-gke.100",
                  "notification_config": [
                    {
                      "pubsub": [
                        {
                          "enabled": false,
                          "filter": [],
                          "topic": ""
                        }
                      ]
                    }
                  ],
                  "operation": null,
                  "pod_security_policy_config": [
                    {
                      "enabled": false
                    }
                  ],
                  "private_cluster_config": [
                    {
                      "enable_private_endpoint": false,
                      "enable_private_nodes": true,
                      "master_global_access_config": [
                        {
                          "enabled": false
                        }
                      ],
                      "master_ipv4_cidr_block": "192.168.0.0/28",
                      "peering_name": "gke-ne2c69e0f87a920c96d4-4bfb-54df-peer",
                      "private_endpoint": "192.168.0.2",
                      "public_endpoint": "34.64.102.15"
                    }
                  ],
                  "private_ipv6_google_access": "",
                  "project": "midyear-spot-368821",
                  "release_channel": [
                    {
                      "channel": "REGULAR"
                    }
                  ],
                  "remove_default_node_pool": true,
                  "resource_labels": {},
                  "resource_usage_export_config": [],
                  "self_link": "https://container.googleapis.com/v1beta1/projects/midyear-spot-368821/locations/asia-northeast3/clusters/gogle-cluster",
                  "service_external_ips_config": [
                    {
                      "enabled": false
                    }
                  ],
                  "services_ipv4_cidr": "10.12.0.0/20",
                  "subnetwork": "projects/midyear-spot-368821/regions/asia-northeast3/subnetworks/gogle-subnet",
                  "timeouts": null,
                  "tpu_config": [],
                  "tpu_ipv4_cidr_block": "",
                  "vertical_pod_autoscaling": [],
                  "workload_identity_config": []
                },
                "gogle_subnet": {
                  "creation_timestamp": "2022-11-21T01:47:13.766-08:00",
                  "description": "",
                  "external_ipv6_prefix": "",
                  "fingerprint": null,
                  "gateway_address": "10.0.0.1",
                  "id": "projects/midyear-spot-368821/regions/asia-northeast3/subnetworks/gogle-subnet",
                  "ip_cidr_range": "10.0.0.0/16",
                  "ipv6_access_type": "",
                  "ipv6_cidr_range": "",
                  "log_config": [],
                  "name": "gogle-subnet",
                  "network": "https://www.googleapis.com/compute/v1/projects/midyear-spot-368821/global/networks/gogle-vpc",
                  "private_ip_google_access": false,
                  "private_ipv6_google_access": "DISABLE_GOOGLE_ACCESS",
                  "project": "midyear-spot-368821",
                  "purpose": "PRIVATE",
                  "region": "asia-northeast3",
                  "role": "",
                  "secondary_ip_range": [
                    {
                      "ip_cidr_range": "10.12.0.0/20",
                      "range_name": "gke-gogle-cluster-services-fbc5d262"
                    },
                    {
                      "ip_cidr_range": "10.8.0.0/14",
                      "range_name": "gke-gogle-cluster-pods-fbc5d262"
                    },
                    {
                      "ip_cidr_range": "10.42.0.0/16",
                      "range_name": "cicd-pod-range"
                    },
                    {
                      "ip_cidr_range": "10.32.0.0/16",
                      "range_name": "service-pod-range"
                    }
                  ],
                  "self_link": "https://www.googleapis.com/compute/v1/projects/midyear-spot-368821/regions/asia-northeast3/subnetworks/gogle-subnet",
                  "stack_type": "IPV4_ONLY",
                  "timeouts": null
                },
                "gogle_vpc": {
                  "auto_create_subnetworks": false,
                  "delete_default_routes_on_create": false,
                  "description": "",
                  "enable_ula_internal_ipv6": false,
                  "gateway_ipv4": "",
                  "id": "projects/midyear-spot-368821/global/networks/gogle-vpc",
                  "internal_ipv6_range": "",
                  "mtu": 1460,
                  "name": "gogle-vpc",
                  "project": "midyear-spot-368821",
                  "routing_mode": "REGIONAL",
                  "self_link": "https://www.googleapis.com/compute/v1/projects/midyear-spot-368821/global/networks/gogle-vpc",
                  "timeouts": null
                }
              },
              "type": [
                "object",
                {
                  "gogle_cluster": [
                    "object",
                    {
                      "addons_config": [
                        "list",
                        [
                          "object",
                          {
                            "cloudrun_config": [
                              "list",
                              [
                                "object",
                                {
                                  "disabled": "bool",
                                  "load_balancer_type": "string"
                                }
                              ]
                            ],
                            "config_connector_config": [
                              "list",
                              [
                                "object",
                                {
                                  "enabled": "bool"
                                }
                              ]
                            ],
                            "dns_cache_config": [
                              "list",
                              [
                                "object",
                                {
                                  "enabled": "bool"
                                }
                              ]
                            ],
                            "gce_persistent_disk_csi_driver_config": [
                              "list",
                              [
                                "object",
                                {
                                  "enabled": "bool"
                                }
                              ]
                            ],
                            "gcp_filestore_csi_driver_config": [
                              "list",
                              [
                                "object",
                                {
                                  "enabled": "bool"
                                }
                              ]
                            ],
                            "gke_backup_agent_config": [
                              "list",
                              [
                                "object",
                                {
                                  "enabled": "bool"
                                }
                              ]
                            ],
                            "horizontal_pod_autoscaling": [
                              "list",
                              [
                                "object",
                                {
                                  "disabled": "bool"
                                }
                              ]
                            ],
                            "http_load_balancing": [
                              "list",
                              [
                                "object",
                                {
                                  "disabled": "bool"
                                }
                              ]
                            ],
                            "istio_config": [
                              "list",
                              [
                                "object",
                                {
                                  "auth": "string",
                                  "disabled": "bool"
                                }
                              ]
                            ],
                            "kalm_config": [
                              "list",
                              [
                                "object",
                                {
                                  "enabled": "bool"
                                }
                              ]
                            ],
                            "network_policy_config": [
                              "list",
                              [
                                "object",
                                {
                                  "disabled": "bool"
                                }
                              ]
                            ]
                          }
                        ]
                      ],
                      "authenticator_groups_config": [
                        "list",
                        [
                          "object",
                          {
                            "security_group": "string"
                          }
                        ]
                      ],
                      "binary_authorization": [
                        "list",
                        [
                          "object",
                          {
                            "enabled": "bool",
                            "evaluation_mode": "string"
                          }
                        ]
                      ],
                      "cluster_autoscaling": [
                        "list",
                        [
                          "object",
                          {
                            "auto_provisioning_defaults": [
                              "list",
                              [
                                "object",
                                {
                                  "boot_disk_kms_key": "string",
                                  "disk_size": "number",
                                  "disk_type": "string",
                                  "image_type": "string",
                                  "min_cpu_platform": "string",
                                  "oauth_scopes": [
                                    "list",
                                    "string"
                                  ],
                                  "service_account": "string"
                                }
                              ]
                            ],
                            "autoscaling_profile": "string",
                            "enabled": "bool",
                            "resource_limits": [
                              "list",
                              [
                                "object",
                                {
                                  "maximum": "number",
                                  "minimum": "number",
                                  "resource_type": "string"
                                }
                              ]
                            ]
                          }
                        ]
                      ],
                      "cluster_ipv4_cidr": "string",
                      "cluster_telemetry": [
                        "list",
                        [
                          "object",
                          {
                            "type": "string"
                          }
                        ]
                      ],
                      "confidential_nodes": [
                        "list",
                        [
                          "object",
                          {
                            "enabled": "bool"
                          }
                        ]
                      ],
                      "cost_management_config": [
                        "list",
                        [
                          "object",
                          {
                            "enabled": "bool"
                          }
                        ]
                      ],
                      "database_encryption": [
                        "list",
                        [
                          "object",
                          {
                            "key_name": "string",
                            "state": "string"
                          }
                        ]
                      ],
                      "datapath_provider": "string",
                      "default_max_pods_per_node": "number",
                      "default_snat_status": [
                        "list",
                        [
                          "object",
                          {
                            "disabled": "bool"
                          }
                        ]
                      ],
                      "description": "string",
                      "dns_config": [
                        "list",
                        [
                          "object",
                          {
                            "cluster_dns": "string",
                            "cluster_dns_domain": "string",
                            "cluster_dns_scope": "string"
                          }
                        ]
                      ],
                      "enable_autopilot": "bool",
                      "enable_binary_authorization": "bool",
                      "enable_intranode_visibility": "bool",
                      "enable_kubernetes_alpha": "bool",
                      "enable_l4_ilb_subsetting": "bool",
                      "enable_legacy_abac": "bool",
                      "enable_shielded_nodes": "bool",
                      "enable_tpu": "bool",
                      "endpoint": "string",
                      "id": "string",
                      "identity_service_config": [
                        "list",
                        [
                          "object",
                          {
                            "enabled": "bool"
                          }
                        ]
                      ],
                      "initial_node_count": "number",
                      "ip_allocation_policy": [
                        "list",
                        [
                          "object",
                          {
                            "cluster_ipv4_cidr_block": "string",
                            "cluster_secondary_range_name": "string",
                            "services_ipv4_cidr_block": "string",
                            "services_secondary_range_name": "string"
                          }
                        ]
                      ],
                      "label_fingerprint": "string",
                      "location": "string",
                      "logging_config": [
                        "list",
                        [
                          "object",
                          {
                            "enable_components": [
                              "list",
                              "string"
                            ]
                          }
                        ]
                      ],
                      "logging_service": "string",
                      "maintenance_policy": [
                        "list",
                        [
                          "object",
                          {
                            "daily_maintenance_window": [
                              "list",
                              [
                                "object",
                                {
                                  "duration": "string",
                                  "start_time": "string"
                                }
                              ]
                            ],
                            "maintenance_exclusion": [
                              "set",
                              [
                                "object",
                                {
                                  "end_time": "string",
                                  "exclusion_name": "string",
                                  "exclusion_options": [
                                    "list",
                                    [
                                      "object",
                                      {
                                        "scope": "string"
                                      }
                                    ]
                                  ],
                                  "start_time": "string"
                                }
                              ]
                            ],
                            "recurring_window": [
                              "list",
                              [
                                "object",
                                {
                                  "end_time": "string",
                                  "recurrence": "string",
                                  "start_time": "string"
                                }
                              ]
                            ]
                          }
                        ]
                      ],
                      "master_auth": [
                        "list",
                        [
                          "object",
                          {
                            "client_certificate": "string",
                            "client_certificate_config": [
                              "list",
                              [
                                "object",
                                {
                                  "issue_client_certificate": "bool"
                                }
                              ]
                            ],
                            "client_key": "string",
                            "cluster_ca_certificate": "string"
                          }
                        ]
                      ],
                      "master_authorized_networks_config": [
                        "list",
                        [
                          "object",
                          {
                            "cidr_blocks": [
                              "set",
                              [
                                "object",
                                {
                                  "cidr_block": "string",
                                  "display_name": "string"
                                }
                              ]
                            ]
                          }
                        ]
                      ],
                      "master_version": "string",
                      "mesh_certificates": [
                        "list",
                        [
                          "object",
                          {
                            "enable_certificates": "bool"
                          }
                        ]
                      ],
                      "min_master_version": "string",
                      "monitoring_config": [
                        "list",
                        [
                          "object",
                          {
                            "enable_components": [
                              "list",
                              "string"
                            ],
                            "managed_prometheus": [
                              "list",
                              [
                                "object",
                                {
                                  "enabled": "bool"
                                }
                              ]
                            ]
                          }
                        ]
                      ],
                      "monitoring_service": "string",
                      "name": "string",
                      "network": "string",
                      "network_policy": [
                        "list",
                        [
                          "object",
                          {
                            "enabled": "bool",
                            "provider": "string"
                          }
                        ]
                      ],
                      "networking_mode": "string",
                      "node_config": [
                        "list",
                        [
                          "object",
                          {
                            "boot_disk_kms_key": "string",
                            "disk_size_gb": "number",
                            "disk_type": "string",
                            "ephemeral_storage_config": [
                              "list",
                              [
                                "object",
                                {
                                  "local_ssd_count": "number"
                                }
                              ]
                            ],
                            "gcfs_config": [
                              "list",
                              [
                                "object",
                                {
                                  "enabled": "bool"
                                }
                              ]
                            ],
                            "guest_accelerator": [
                              "list",
                              [
                                "object",
                                {
                                  "count": "number",
                                  "gpu_partition_size": "string",
                                  "gpu_sharing_config": [
                                    "list",
                                    [
                                      "object",
                                      {
                                        "gpu_sharing_strategy": "string",
                                        "max_shared_clients_per_gpu": "number"
                                      }
                                    ]
                                  ],
                                  "type": "string"
                                }
                              ]
                            ],
                            "gvnic": [
                              "list",
                              [
                                "object",
                                {
                                  "enabled": "bool"
                                }
                              ]
                            ],
                            "image_type": "string",
                            "kubelet_config": [
                              "list",
                              [
                                "object",
                                {
                                  "cpu_cfs_quota": "bool",
                                  "cpu_cfs_quota_period": "string",
                                  "cpu_manager_policy": "string"
                                }
                              ]
                            ],
                            "labels": [
                              "map",
                              "string"
                            ],
                            "linux_node_config": [
                              "list",
                              [
                                "object",
                                {
                                  "sysctls": [
                                    "map",
                                    "string"
                                  ]
                                }
                              ]
                            ],
                            "local_ssd_count": "number",
                            "machine_type": "string",
                            "metadata": [
                              "map",
                              "string"
                            ],
                            "min_cpu_platform": "string",
                            "node_group": "string",
                            "oauth_scopes": [
                              "set",
                              "string"
                            ],
                            "preemptible": "bool",
                            "reservation_affinity": [
                              "list",
                              [
                                "object",
                                {
                                  "consume_reservation_type": "string",
                                  "key": "string",
                                  "values": [
                                    "set",
                                    "string"
                                  ]
                                }
                              ]
                            ],
                            "sandbox_config": [
                              "list",
                              [
                                "object",
                                {
                                  "sandbox_type": "string"
                                }
                              ]
                            ],
                            "service_account": "string",
                            "shielded_instance_config": [
                              "list",
                              [
                                "object",
                                {
                                  "enable_integrity_monitoring": "bool",
                                  "enable_secure_boot": "bool"
                                }
                              ]
                            ],
                            "spot": "bool",
                            "tags": [
                              "list",
                              "string"
                            ],
                            "taint": [
                              "list",
                              [
                                "object",
                                {
                                  "effect": "string",
                                  "key": "string",
                                  "value": "string"
                                }
                              ]
                            ],
                            "workload_metadata_config": [
                              "list",
                              [
                                "object",
                                {
                                  "mode": "string"
                                }
                              ]
                            ]
                          }
                        ]
                      ],
                      "node_locations": [
                        "set",
                        "string"
                      ],
                      "node_pool": [
                        "list",
                        [
                          "object",
                          {
                            "autoscaling": [
                              "list",
                              [
                                "object",
                                {
                                  "location_policy": "string",
                                  "max_node_count": "number",
                                  "min_node_count": "number",
                                  "total_max_node_count": "number",
                                  "total_min_node_count": "number"
                                }
                              ]
                            ],
                            "initial_node_count": "number",
                            "instance_group_urls": [
                              "list",
                              "string"
                            ],
                            "managed_instance_group_urls": [
                              "list",
                              "string"
                            ],
                            "management": [
                              "list",
                              [
                                "object",
                                {
                                  "auto_repair": "bool",
                                  "auto_upgrade": "bool"
                                }
                              ]
                            ],
                            "max_pods_per_node": "number",
                            "name": "string",
                            "name_prefix": "string",
                            "network_config": [
                              "list",
                              [
                                "object",
                                {
                                  "create_pod_range": "bool",
                                  "pod_ipv4_cidr_block": "string",
                                  "pod_range": "string"
                                }
                              ]
                            ],
                            "node_config": [
                              "list",
                              [
                                "object",
                                {
                                  "boot_disk_kms_key": "string",
                                  "disk_size_gb": "number",
                                  "disk_type": "string",
                                  "ephemeral_storage_config": [
                                    "list",
                                    [
                                      "object",
                                      {
                                        "local_ssd_count": "number"
                                      }
                                    ]
                                  ],
                                  "gcfs_config": [
                                    "list",
                                    [
                                      "object",
                                      {
                                        "enabled": "bool"
                                      }
                                    ]
                                  ],
                                  "guest_accelerator": [
                                    "list",
                                    [
                                      "object",
                                      {
                                        "count": "number",
                                        "gpu_partition_size": "string",
                                        "gpu_sharing_config": [
                                          "list",
                                          [
                                            "object",
                                            {
                                              "gpu_sharing_strategy": "string",
                                              "max_shared_clients_per_gpu": "number"
                                            }
                                          ]
                                        ],
                                        "type": "string"
                                      }
                                    ]
                                  ],
                                  "gvnic": [
                                    "list",
                                    [
                                      "object",
                                      {
                                        "enabled": "bool"
                                      }
                                    ]
                                  ],
                                  "image_type": "string",
                                  "kubelet_config": [
                                    "list",
                                    [
                                      "object",
                                      {
                                        "cpu_cfs_quota": "bool",
                                        "cpu_cfs_quota_period": "string",
                                        "cpu_manager_policy": "string"
                                      }
                                    ]
                                  ],
                                  "labels": [
                                    "map",
                                    "string"
                                  ],
                                  "linux_node_config": [
                                    "list",
                                    [
                                      "object",
                                      {
                                        "sysctls": [
                                          "map",
                                          "string"
                                        ]
                                      }
                                    ]
                                  ],
                                  "local_ssd_count": "number",
                                  "machine_type": "string",
                                  "metadata": [
                                    "map",
                                    "string"
                                  ],
                                  "min_cpu_platform": "string",
                                  "node_group": "string",
                                  "oauth_scopes": [
                                    "set",
                                    "string"
                                  ],
                                  "preemptible": "bool",
                                  "reservation_affinity": [
                                    "list",
                                    [
                                      "object",
                                      {
                                        "consume_reservation_type": "string",
                                        "key": "string",
                                        "values": [
                                          "set",
                                          "string"
                                        ]
                                      }
                                    ]
                                  ],
                                  "sandbox_config": [
                                    "list",
                                    [
                                      "object",
                                      {
                                        "sandbox_type": "string"
                                      }
                                    ]
                                  ],
                                  "service_account": "string",
                                  "shielded_instance_config": [
                                    "list",
                                    [
                                      "object",
                                      {
                                        "enable_integrity_monitoring": "bool",
                                        "enable_secure_boot": "bool"
                                      }
                                    ]
                                  ],
                                  "spot": "bool",
                                  "tags": [
                                    "list",
                                    "string"
                                  ],
                                  "taint": [
                                    "list",
                                    [
                                      "object",
                                      {
                                        "effect": "string",
                                        "key": "string",
                                        "value": "string"
                                      }
                                    ]
                                  ],
                                  "workload_metadata_config": [
                                    "list",
                                    [
                                      "object",
                                      {
                                        "mode": "string"
                                      }
                                    ]
                                  ]
                                }
                              ]
                            ],
                            "node_count": "number",
                            "node_locations": [
                              "set",
                              "string"
                            ],
                            "placement_policy": [
                              "list",
                              [
                                "object",
                                {
                                  "type": "string"
                                }
                              ]
                            ],
                            "upgrade_settings": [
                              "list",
                              [
                                "object",
                                {
                                  "max_surge": "number",
                                  "max_unavailable": "number"
                                }
                              ]
                            ],
                            "version": "string"
                          }
                        ]
                      ],
                      "node_pool_auto_config": [
                        "list",
                        [
                          "object",
                          {
                            "network_tags": [
                              "list",
                              [
                                "object",
                                {
                                  "tags": [
                                    "list",
                                    "string"
                                  ]
                                }
                              ]
                            ]
                          }
                        ]
                      ],
                      "node_pool_defaults": [
                        "list",
                        [
                          "object",
                          {
                            "node_config_defaults": [
                              "list",
                              [
                                "object",
                                {
                                  "gcfs_config": [
                                    "list",
                                    [
                                      "object",
                                      {
                                        "enabled": "bool"
                                      }
                                    ]
                                  ]
                                }
                              ]
                            ]
                          }
                        ]
                      ],
                      "node_version": "string",
                      "notification_config": [
                        "list",
                        [
                          "object",
                          {
                            "pubsub": [
                              "list",
                              [
                                "object",
                                {
                                  "enabled": "bool",
                                  "filter": [
                                    "list",
                                    [
                                      "object",
                                      {
                                        "event_type": [
                                          "list",
                                          "string"
                                        ]
                                      }
                                    ]
                                  ],
                                  "topic": "string"
                                }
                              ]
                            ]
                          }
                        ]
                      ],
                      "operation": "string",
                      "pod_security_policy_config": [
                        "list",
                        [
                          "object",
                          {
                            "enabled": "bool"
                          }
                        ]
                      ],
                      "private_cluster_config": [
                        "list",
                        [
                          "object",
                          {
                            "enable_private_endpoint": "bool",
                            "enable_private_nodes": "bool",
                            "master_global_access_config": [
                              "list",
                              [
                                "object",
                                {
                                  "enabled": "bool"
                                }
                              ]
                            ],
                            "master_ipv4_cidr_block": "string",
                            "peering_name": "string",
                            "private_endpoint": "string",
                            "public_endpoint": "string"
                          }
                        ]
                      ],
                      "private_ipv6_google_access": "string",
                      "project": "string",
                      "release_channel": [
                        "list",
                        [
                          "object",
                          {
                            "channel": "string"
                          }
                        ]
                      ],
                      "remove_default_node_pool": "bool",
                      "resource_labels": [
                        "map",
                        "string"
                      ],
                      "resource_usage_export_config": [
                        "list",
                        [
                          "object",
                          {
                            "bigquery_destination": [
                              "list",
                              [
                                "object",
                                {
                                  "dataset_id": "string"
                                }
                              ]
                            ],
                            "enable_network_egress_metering": "bool",
                            "enable_resource_consumption_metering": "bool"
                          }
                        ]
                      ],
                      "self_link": "string",
                      "service_external_ips_config": [
                        "list",
                        [
                          "object",
                          {
                            "enabled": "bool"
                          }
                        ]
                      ],
                      "services_ipv4_cidr": "string",
                      "subnetwork": "string",
                      "timeouts": [
                        "object",
                        {
                          "create": "string",
                          "delete": "string",
                          "read": "string",
                          "update": "string"
                        }
                      ],
                      "tpu_config": [
                        "list",
                        [
                          "object",
                          {
                            "enabled": "bool",
                            "ipv4_cidr_block": "string",
                            "use_service_networking": "bool"
                          }
                        ]
                      ],
                      "tpu_ipv4_cidr_block": "string",
                      "vertical_pod_autoscaling": [
                        "list",
                        [
                          "object",
                          {
                            "enabled": "bool"
                          }
                        ]
                      ],
                      "workload_identity_config": [
                        "list",
                        [
                          "object",
                          {
                            "workload_pool": "string"
                          }
                        ]
                      ]
                    }
                  ],
                  "gogle_subnet": [
                    "object",
                    {
                      "creation_timestamp": "string",
                      "description": "string",
                      "external_ipv6_prefix": "string",
                      "fingerprint": "string",
                      "gateway_address": "string",
                      "id": "string",
                      "ip_cidr_range": "string",
                      "ipv6_access_type": "string",
                      "ipv6_cidr_range": "string",
                      "log_config": [
                        "list",
                        [
                          "object",
                          {
                            "aggregation_interval": "string",
                            "filter_expr": "string",
                            "flow_sampling": "number",
                            "metadata": "string",
                            "metadata_fields": [
                              "set",
                              "string"
                            ]
                          }
                        ]
                      ],
                      "name": "string",
                      "network": "string",
                      "private_ip_google_access": "bool",
                      "private_ipv6_google_access": "string",
                      "project": "string",
                      "purpose": "string",
                      "region": "string",
                      "role": "string",
                      "secondary_ip_range": [
                        "list",
                        [
                          "object",
                          {
                            "ip_cidr_range": "string",
                            "range_name": "string"
                          }
                        ]
                      ],
                      "self_link": "string",
                      "stack_type": "string",
                      "timeouts": [
                        "object",
                        {
                          "create": "string",
                          "delete": "string",
                          "update": "string"
                        }
                      ]
                    }
                  ],
                  "gogle_vpc": [
                    "object",
                    {
                      "auto_create_subnetworks": "bool",
                      "delete_default_routes_on_create": "bool",
                      "description": "string",
                      "enable_ula_internal_ipv6": "bool",
                      "gateway_ipv4": "string",
                      "id": "string",
                      "internal_ipv6_range": "string",
                      "mtu": "number",
                      "name": "string",
                      "project": "string",
                      "routing_mode": "string",
                      "self_link": "string",
                      "timeouts": [
                        "object",
                        {
                          "create": "string",
                          "delete": "string",
                          "update": "string"
                        }
                      ]
                    }
                  ]
                }
              ]
            },
            "workspace": null
          },
          "sensitive_attributes": []
        }
      ]
    },
    {
      "mode": "managed",
      "type": "google_compute_firewall",
      "name": "mig",
      "provider": "provider[\"registry.terraform.io/hashicorp/google\"]",
      "instances": [
        {
          "schema_version": 1,
          "attributes": {
            "allow": [
              {
                "ports": [
                  "80"
                ],
                "protocol": "tcp"
              }
            ],
            "creation_timestamp": "2022-11-22T02:00:16.655-08:00",
            "deny": [],
            "description": "Creates firewall rule targeting tagged instances",
            "destination_ranges": [],
            "direction": "INGRESS",
            "disabled": false,
            "enable_logging": null,
            "id": "projects/midyear-spot-368821/global/firewalls/tf-vpc-allow-web-mig",
            "log_config": [],
            "name": "tf-vpc-allow-web-mig",
            "network": "https://www.googleapis.com/compute/v1/projects/midyear-spot-368821/global/networks/gogle-vpc",
            "priority": 1000,
            "project": "midyear-spot-368821",
            "self_link": "https://www.googleapis.com/compute/v1/projects/midyear-spot-368821/global/firewalls/tf-vpc-allow-web-mig",
            "source_ranges": [
              "130.211.0.0/22",
              "35.191.0.0/16"
            ],
            "source_service_accounts": [],
            "source_tags": [],
            "target_service_accounts": [],
            "target_tags": [
              "web-mig"
            ],
            "timeouts": null
          },
          "sensitive_attributes": [],
          "private": "eyJlMmJmYjczMC1lY2FhLTExZTYtOGY4OC0zNDM2M2JjN2M0YzAiOnsiY3JlYXRlIjoxMjAwMDAwMDAwMDAwLCJkZWxldGUiOjEyMDAwMDAwMDAwMDAsInVwZGF0ZSI6MTIwMDAwMDAwMDAwMH0sInNjaGVtYV92ZXJzaW9uIjoiMSJ9",
          "dependencies": [
            "data.terraform_remote_state.workspace"
          ]
        }
      ]
    },
    {
      "mode": "managed",
      "type": "google_compute_firewall",
      "name": "ssh",
      "provider": "provider[\"registry.terraform.io/hashicorp/google\"]",
      "instances": [
        {
          "schema_version": 1,
          "attributes": {
            "allow": [
              {
                "ports": [
                  "22"
                ],
                "protocol": "tcp"
              }
            ],
            "creation_timestamp": "2022-11-22T02:00:16.537-08:00",
            "deny": [],
            "description": "Creates firewall rule targeting tagged instances",
            "destination_ranges": [],
            "direction": "INGRESS",
            "disabled": false,
            "enable_logging": null,
            "id": "projects/midyear-spot-368821/global/firewalls/tf-vpc-allow-ssh",
            "log_config": [],
            "name": "tf-vpc-allow-ssh",
            "network": "https://www.googleapis.com/compute/v1/projects/midyear-spot-368821/global/networks/gogle-vpc",
            "priority": 1000,
            "project": "midyear-spot-368821",
            "self_link": "https://www.googleapis.com/compute/v1/projects/midyear-spot-368821/global/firewalls/tf-vpc-allow-ssh",
            "source_ranges": [
              "35.235.240.0/20"
            ],
            "source_service_accounts": [],
            "source_tags": [],
            "target_service_accounts": [],
            "target_tags": [
              "bastion"
            ],
            "timeouts": null
          },
          "sensitive_attributes": [],
          "private": "eyJlMmJmYjczMC1lY2FhLTExZTYtOGY4OC0zNDM2M2JjN2M0YzAiOnsiY3JlYXRlIjoxMjAwMDAwMDAwMDAwLCJkZWxldGUiOjEyMDAwMDAwMDAwMDAsInVwZGF0ZSI6MTIwMDAwMDAwMDAwMH0sInNjaGVtYV92ZXJzaW9uIjoiMSJ9",
          "dependencies": [
            "data.terraform_remote_state.workspace"
          ]
        }
      ]
    },
    {
      "mode": "managed",
      "type": "google_compute_firewall",
      "name": "web",
      "provider": "provider[\"registry.terraform.io/hashicorp/google\"]",
      "instances": [
        {
          "schema_version": 1,
          "attributes": {
            "allow": [
              {
                "ports": [
                  "80",
                  "8080"
                ],
                "protocol": "tcp"
              }
            ],
            "creation_timestamp": "2022-11-22T02:00:16.555-08:00",
            "deny": [],
            "description": "Creates firewall rule targeting tagged instances",
            "destination_ranges": [],
            "direction": "INGRESS",
            "disabled": false,
            "enable_logging": null,
            "id": "projects/midyear-spot-368821/global/firewalls/tf-vpc-allow-web",
            "log_config": [],
            "name": "tf-vpc-allow-web",
            "network": "https://www.googleapis.com/compute/v1/projects/midyear-spot-368821/global/networks/gogle-vpc",
            "priority": 1000,
            "project": "midyear-spot-368821",
            "self_link": "https://www.googleapis.com/compute/v1/projects/midyear-spot-368821/global/firewalls/tf-vpc-allow-web",
            "source_ranges": [
              "0.0.0.0/0"
            ],
            "source_service_accounts": [],
            "source_tags": [],
            "target_service_accounts": [],
            "target_tags": [
              "web-server"
            ],
            "timeouts": null
          },
          "sensitive_attributes": [],
          "private": "eyJlMmJmYjczMC1lY2FhLTExZTYtOGY4OC0zNDM2M2JjN2M0YzAiOnsiY3JlYXRlIjoxMjAwMDAwMDAwMDAwLCJkZWxldGUiOjEyMDAwMDAwMDAwMDAsInVwZGF0ZSI6MTIwMDAwMDAwMDAwMH0sInNjaGVtYV92ZXJzaW9uIjoiMSJ9",
          "dependencies": [
            "data.terraform_remote_state.workspace"
          ]
        }
      ]
    },
    {
      "mode": "managed",
      "type": "google_compute_global_address",
      "name": "db_address",
      "provider": "provider[\"registry.terraform.io/hashicorp/google\"]",
      "instances": [
        {
          "schema_version": 0,
          "attributes": {
            "address": "10.90.0.0",
            "address_type": "INTERNAL",
            "creation_timestamp": "2022-11-27T17:21:43.011-08:00",
            "description": "",
            "id": "projects/midyear-spot-368821/global/addresses/db",
            "ip_version": "",
            "name": "db",
            "network": "https://www.googleapis.com/compute/v1/projects/midyear-spot-368821/global/networks/gogle-vpc",
            "prefix_length": 24,
            "project": "midyear-spot-368821",
            "purpose": "VPC_PEERING",
            "self_link": "https://www.googleapis.com/compute/v1/projects/midyear-spot-368821/global/addresses/db",
            "timeouts": null
          },
          "sensitive_attributes": [],
          "private": "eyJlMmJmYjczMC1lY2FhLTExZTYtOGY4OC0zNDM2M2JjN2M0YzAiOnsiY3JlYXRlIjoxMjAwMDAwMDAwMDAwLCJkZWxldGUiOjEyMDAwMDAwMDAwMDB9fQ==",
          "dependencies": [
            "data.terraform_remote_state.workspace"
          ]
        }
      ]
    },
    {
      "mode": "managed",
      "type": "google_compute_instance",
      "name": "bastion",
      "provider": "provider[\"registry.terraform.io/hashicorp/google\"]",
      "instances": [
        {
          "schema_version": 6,
          "attributes": {
            "advanced_machine_features": [],
            "allow_stopping_for_update": null,
            "attached_disk": [],
            "boot_disk": [
              {
                "auto_delete": true,
                "device_name": "persistent-disk-0",
                "disk_encryption_key_raw": "",
                "disk_encryption_key_sha256": "",
                "initialize_params": [
                  {
                    "image": "https://www.googleapis.com/compute/v1/projects/rocky-linux-cloud/global/images/rocky-linux-8-optimized-gcp-v20221102",
                    "labels": {},
                    "size": 20,
                    "type": "pd-standard"
                  }
                ],
                "kms_key_self_link": "",
                "mode": "READ_WRITE",
                "source": "https://www.googleapis.com/compute/v1/projects/midyear-spot-368821/zones/asia-northeast3-a/disks/bastion"
              }
            ],
            "can_ip_forward": false,
            "confidential_instance_config": [],
            "cpu_platform": "Intel Skylake",
            "current_status": "RUNNING",
            "deletion_protection": false,
            "description": "",
            "desired_status": null,
            "enable_display": false,
            "guest_accelerator": [],
            "hostname": "",
            "id": "projects/midyear-spot-368821/zones/asia-northeast3-a/instances/bastion",
            "instance_id": "6240076649452348253",
            "label_fingerprint": "42WmSpB8rSM=",
            "labels": {},
            "machine_type": "n1-standard-1",
            "metadata": {},
            "metadata_fingerprint": "cuapJryOPFs=",
            "metadata_startup_script": "  echo \"export USE_GKE_GCLOUD_AUTH_PLUGIN=True\" \u003e\u003e /etc/profile\n  sudo yum install -y google-cloud-sdk-gke-gcloud-auth-plugin\n  sudo yum install -y kubectl\n  sudo yum install -y bash-completion\n  source \u003c(kubectl completion bash)\n  echo \"gcloud container clusters get-credentials gogle-cluster --zone asia-northeast3 --project midyear-spot-368821 \u003e /dev/null 2\u003e\u00261\" \u003e\u003e /etc/profile\n  echo \"source \u003c(kubectl completion bash)\" \u003e\u003e /etc/bashrc\n  sudo yum remove docker \\\n                  docker-client \\\n                  docker-client-latest \\\n                  docker-common \\\n                  docker-latest \\\n                  docker-latest-logrotate \\\n                  docker-logrotate \\\n                  docker-engine\n  sudo yum install -y yum-utils\n  sudo yum-config-manager \\\n      --add-repo \\\n       https://download.docker.com/linux/centos/docker-ce.repo\n  sudo yum -y install docker-ce docker-ce-cli containerd.io docker-compose-plugin\n  systemctl enable --now docker\n  sudo usermod -a -G docker chlxodnr2127\n  sudo yum install -y git\n",
            "min_cpu_platform": "",
            "name": "bastion",
            "network_interface": [
              {
                "access_config": [
                  {
                    "nat_ip": "34.64.214.20",
                    "network_tier": "PREMIUM",
                    "public_ptr_domain_name": ""
                  }
                ],
                "alias_ip_range": [],
                "ipv6_access_config": [],
                "ipv6_access_type": "",
                "name": "nic0",
                "network": "https://www.googleapis.com/compute/v1/projects/midyear-spot-368821/global/networks/gogle-vpc",
                "network_ip": "10.0.0.21",
                "nic_type": "",
                "queue_count": 0,
                "stack_type": "IPV4_ONLY",
                "subnetwork": "https://www.googleapis.com/compute/v1/projects/midyear-spot-368821/regions/asia-northeast3/subnetworks/gogle-subnet",
                "subnetwork_project": "midyear-spot-368821"
              }
            ],
            "project": "midyear-spot-368821",
            "reservation_affinity": [],
            "resource_policies": [],
            "scheduling": [
              {
                "automatic_restart": true,
                "instance_termination_action": "",
                "min_node_cpus": 0,
                "node_affinities": [],
                "on_host_maintenance": "MIGRATE",
                "preemptible": false,
                "provisioning_model": "STANDARD"
              }
            ],
            "scratch_disk": [],
            "self_link": "https://www.googleapis.com/compute/v1/projects/midyear-spot-368821/zones/asia-northeast3-a/instances/bastion",
            "service_account": [
              {
                "email": "346726030341-compute@developer.gserviceaccount.com",
                "scopes": [
                  "https://www.googleapis.com/auth/cloud-platform",
                  "https://www.googleapis.com/auth/compute.readonly",
                  "https://www.googleapis.com/auth/devstorage.read_only",
                  "https://www.googleapis.com/auth/source.full_control",
                  "https://www.googleapis.com/auth/userinfo.email"
                ]
              }
            ],
            "shielded_instance_config": [
              {
                "enable_integrity_monitoring": true,
                "enable_secure_boot": false,
                "enable_vtpm": true
              }
            ],
            "tags": [
              "bastion"
            ],
            "tags_fingerprint": "NfTTNVh6sLU=",
            "timeouts": null,
            "zone": "asia-northeast3-a"
          },
          "sensitive_attributes": [],
          "private": "eyJlMmJmYjczMC1lY2FhLTExZTYtOGY4OC0zNDM2M2JjN2M0YzAiOnsiY3JlYXRlIjoxMjAwMDAwMDAwMDAwLCJkZWxldGUiOjEyMDAwMDAwMDAwMDAsInVwZGF0ZSI6MTIwMDAwMDAwMDAwMH0sInNjaGVtYV92ZXJzaW9uIjoiNiJ9",
          "dependencies": [
            "data.template_file.startup_script",
            "data.terraform_remote_state.workspace"
          ]
        }
      ]
    },
    {
      "mode": "managed",
      "type": "google_sql_database",
      "name": "tf-db",
      "provider": "provider[\"registry.terraform.io/hashicorp/google\"]",
      "instances": []
    },
    {
      "mode": "managed",
      "type": "google_sql_database_instance",
      "name": "tw-mysql",
      "provider": "provider[\"registry.terraform.io/hashicorp/google\"]",
      "instances": []
    },
    {
      "mode": "managed",
      "type": "google_sql_user",
      "name": "users",
      "provider": "provider[\"registry.terraform.io/hashicorp/google\"]",
      "instances": []
    }
  ],
  "check_results": null
}
